
Microsoft Visual Studio Solution File, Format Version 12.00
# Visual Studio Version 17
VisualStudioVersion = 17.14.36511.14 d17.14
MinimumVisualStudioVersion = 10.0.40219.1
Project("{FAE04EC0-301F-11D3-BF4B-00C04F79EFBC}") = "Lab6", "Lab6\Lab6.csproj", "{C34BCB52-FA65-49FC-BBF9-E93B3DE97499}"
EndProject
Global
	GlobalSection(SolutionConfigurationPlatforms) = preSolution
		Debug|Any CPU = Debug|Any CPU
		Release|Any CPU = Release|Any CPU
	EndGlobalSection
	GlobalSection(ProjectConfigurationPlatforms) = postSolution
		{C34BCB52-FA65-49FC-BBF9-E93B3DE97499}.Debug|Any CPU.ActiveCfg = Debug|Any CPU
		{C34BCB52-FA65-49FC-BBF9-E93B3DE97499}.Debug|Any CPU.Build.0 = Debug|Any CPU
		{C34BCB52-FA65-49FC-BBF9-E93B3DE97499}.Release|Any CPU.ActiveCfg = Release|Any CPU
		{C34BCB52-FA65-49FC-BBF9-E93B3DE97499}.Release|Any CPU.Build.0 = Release|Any CPU
	EndGlobalSection
	GlobalSection(SolutionProperties) = preSolution
		HideSolutionNode = FALSE
	EndGlobalSection
	GlobalSection(ExtensibilityGlobals) = postSolution
		SolutionGuid = {A3C25A94-E4D9-4409-B372-190D773D969C}
	EndGlobalSection
EndGlobal
