
Microsoft Visual Studio Solution File, Format Version 12.00
# Visual Studio Version 17
VisualStudioVersion = 17.14.36511.14
MinimumVisualStudioVersion = 10.0.40219.1
Project("{FAE04EC0-301F-11D3-BF4B-00C04F79EFBC}") = "Pustok.Mvc", "Pustok.Mvc\Pustok.Mvc.csproj", "{720910E7-68D1-4CCF-B246-67363C909962}"
EndProject
Global
	GlobalSection(SolutionConfigurationPlatforms) = preSolution
		Debug|Any CPU = Debug|Any CPU
		Release|Any CPU = Release|Any CPU
	EndGlobalSection
	GlobalSection(ProjectConfigurationPlatforms) = postSolution
		{720910E7-68D1-4CCF-B246-67363C909962}.Debug|Any CPU.ActiveCfg = Debug|Any CPU
		{720910E7-68D1-4CCF-B246-67363C909962}.Debug|Any CPU.Build.0 = Debug|Any CPU
		{720910E7-68D1-4CCF-B246-67363C909962}.Release|Any CPU.ActiveCfg = Release|Any CPU
		{720910E7-68D1-4CCF-B246-67363C909962}.Release|Any CPU.Build.0 = Release|Any CPU
	EndGlobalSection
	GlobalSection(SolutionProperties) = preSolution
		HideSolutionNode = FALSE
	EndGlobalSection
	GlobalSection(ExtensibilityGlobals) = postSolution
		SolutionGuid = {7A3AADA9-9CC8-4AD0-A473-B15D10CF6ABE}
	EndGlobalSection
EndGlobal
